
Microsoft Visual Studio Solution File, Format Version 12.00
# Visual Studio Version 17
VisualStudioVersion = 17.0.31903.59
MinimumVisualStudioVersion = 10.0.40219.1
Project("{9A19103F-16F7-4668-BE54-9A1E7A4F7556}") = "GenericDemo", "GenericDemo\GenericDemo.csproj", "{260C26EE-B9CC-4DF8-9615-16AACAF74366}"
EndProject
Project("{9A19103F-16F7-4668-BE54-9A1E7A4F7556}") = "DelegatesAndEvents", "DelegatesAndEvents\DelegatesAndEvents.csproj", "{66DF76FB-874B-4B83-BF68-C10EF480BBDB}"
EndProject
Project("{FAE04EC0-301F-11D3-BF4B-00C04F79EFBC}") = "ReactorLab", "ReactorLab\ReactorLab.csproj", "{F39AE5CB-D042-434C-AB0E-E0144285A78B}"
EndProject
Project("{FAE04EC0-301F-11D3-BF4B-00C04F79EFBC}") = "GeenWpfEvent", "WpfEvent\GeenWpfEvent.csproj", "{F472EDEA-640B-495A-9A74-9FBBC841B249}"
EndProject
Global
	GlobalSection(SolutionConfigurationPlatforms) = preSolution
		Debug|Any CPU = Debug|Any CPU
		Release|Any CPU = Release|Any CPU
	EndGlobalSection
	GlobalSection(ProjectConfigurationPlatforms) = postSolution
		{260C26EE-B9CC-4DF8-9615-16AACAF74366}.Debug|Any CPU.ActiveCfg = Debug|Any CPU
		{260C26EE-B9CC-4DF8-9615-16AACAF74366}.Debug|Any CPU.Build.0 = Debug|Any CPU
		{260C26EE-B9CC-4DF8-9615-16AACAF74366}.Release|Any CPU.ActiveCfg = Release|Any CPU
		{260C26EE-B9CC-4DF8-9615-16AACAF74366}.Release|Any CPU.Build.0 = Release|Any CPU
		{66DF76FB-874B-4B83-BF68-C10EF480BBDB}.Debug|Any CPU.ActiveCfg = Debug|Any CPU
		{66DF76FB-874B-4B83-BF68-C10EF480BBDB}.Debug|Any CPU.Build.0 = Debug|Any CPU
		{66DF76FB-874B-4B83-BF68-C10EF480BBDB}.Release|Any CPU.ActiveCfg = Release|Any CPU
		{66DF76FB-874B-4B83-BF68-C10EF480BBDB}.Release|Any CPU.Build.0 = Release|Any CPU
		{F39AE5CB-D042-434C-AB0E-E0144285A78B}.Debug|Any CPU.ActiveCfg = Debug|Any CPU
		{F39AE5CB-D042-434C-AB0E-E0144285A78B}.Debug|Any CPU.Build.0 = Debug|Any CPU
		{F39AE5CB-D042-434C-AB0E-E0144285A78B}.Release|Any CPU.ActiveCfg = Release|Any CPU
		{F39AE5CB-D042-434C-AB0E-E0144285A78B}.Release|Any CPU.Build.0 = Release|Any CPU
		{F472EDEA-640B-495A-9A74-9FBBC841B249}.Debug|Any CPU.ActiveCfg = Debug|Any CPU
		{F472EDEA-640B-495A-9A74-9FBBC841B249}.Debug|Any CPU.Build.0 = Debug|Any CPU
		{F472EDEA-640B-495A-9A74-9FBBC841B249}.Release|Any CPU.ActiveCfg = Release|Any CPU
		{F472EDEA-640B-495A-9A74-9FBBC841B249}.Release|Any CPU.Build.0 = Release|Any CPU
	EndGlobalSection
	GlobalSection(SolutionProperties) = preSolution
		HideSolutionNode = FALSE
	EndGlobalSection
	GlobalSection(ExtensibilityGlobals) = postSolution
		SolutionGuid = {5B184167-E1D6-4062-B91B-F64A84E222FF}
	EndGlobalSection
EndGlobal
